
Microsoft Visual Studio Solution File, Format Version 12.00
# Visual Studio Version 17
VisualStudioVersion = 17.7.34018.315
MinimumVisualStudioVersion = 10.0.40219.1
Project("{FAE04EC0-301F-11D3-BF4B-00C04F79EFBC}") = "DossTask", "DossTask.csproj", "{11E5B95C-19C5-44B6-ACE2-AF1F71CE6CD8}"
EndProject
Project("{FAE04EC0-301F-11D3-BF4B-00C04F79EFBC}") = "DossTask2", "..\DossTask2\DossTask2.csproj", "{E60F1B6E-43A1-4604-9828-1F9A02A702F5}"
EndProject
Project("{FAE04EC0-301F-11D3-BF4B-00C04F79EFBC}") = "DossTask3", "..\DossTask3\DossTask3.csproj", "{4D0C1BB2-03AA-4B11-8645-A6A70BF2D04D}"
EndProject
Project("{FAE04EC0-301F-11D3-BF4B-00C04F79EFBC}") = "DossTask4", "..\DossTask4\DossTask4.csproj", "{31C05E27-3E8F-4376-9CAA-90D8D6EB22D3}"
EndProject
Project("{FAE04EC0-301F-11D3-BF4B-00C04F79EFBC}") = "DossTask5", "..\DossTask5\DossTask5.csproj", "{7FB5F901-2FD7-4694-84D1-697558F6D556}"
EndProject
Global
	GlobalSection(SolutionConfigurationPlatforms) = preSolution
		Debug|Any CPU = Debug|Any CPU
		Release|Any CPU = Release|Any CPU
	EndGlobalSection
	GlobalSection(ProjectConfigurationPlatforms) = postSolution
		{11E5B95C-19C5-44B6-ACE2-AF1F71CE6CD8}.Debug|Any CPU.ActiveCfg = Debug|Any CPU
		{11E5B95C-19C5-44B6-ACE2-AF1F71CE6CD8}.Debug|Any CPU.Build.0 = Debug|Any CPU
		{11E5B95C-19C5-44B6-ACE2-AF1F71CE6CD8}.Release|Any CPU.ActiveCfg = Release|Any CPU
		{11E5B95C-19C5-44B6-ACE2-AF1F71CE6CD8}.Release|Any CPU.Build.0 = Release|Any CPU
		{E60F1B6E-43A1-4604-9828-1F9A02A702F5}.Debug|Any CPU.ActiveCfg = Debug|Any CPU
		{E60F1B6E-43A1-4604-9828-1F9A02A702F5}.Debug|Any CPU.Build.0 = Debug|Any CPU
		{E60F1B6E-43A1-4604-9828-1F9A02A702F5}.Release|Any CPU.ActiveCfg = Release|Any CPU
		{E60F1B6E-43A1-4604-9828-1F9A02A702F5}.Release|Any CPU.Build.0 = Release|Any CPU
		{4D0C1BB2-03AA-4B11-8645-A6A70BF2D04D}.Debug|Any CPU.ActiveCfg = Debug|Any CPU
		{4D0C1BB2-03AA-4B11-8645-A6A70BF2D04D}.Debug|Any CPU.Build.0 = Debug|Any CPU
		{4D0C1BB2-03AA-4B11-8645-A6A70BF2D04D}.Release|Any CPU.ActiveCfg = Release|Any CPU
		{4D0C1BB2-03AA-4B11-8645-A6A70BF2D04D}.Release|Any CPU.Build.0 = Release|Any CPU
		{31C05E27-3E8F-4376-9CAA-90D8D6EB22D3}.Debug|Any CPU.ActiveCfg = Debug|Any CPU
		{31C05E27-3E8F-4376-9CAA-90D8D6EB22D3}.Debug|Any CPU.Build.0 = Debug|Any CPU
		{31C05E27-3E8F-4376-9CAA-90D8D6EB22D3}.Release|Any CPU.ActiveCfg = Release|Any CPU
		{31C05E27-3E8F-4376-9CAA-90D8D6EB22D3}.Release|Any CPU.Build.0 = Release|Any CPU
		{7FB5F901-2FD7-4694-84D1-697558F6D556}.Debug|Any CPU.ActiveCfg = Debug|Any CPU
		{7FB5F901-2FD7-4694-84D1-697558F6D556}.Debug|Any CPU.Build.0 = Debug|Any CPU
		{7FB5F901-2FD7-4694-84D1-697558F6D556}.Release|Any CPU.ActiveCfg = Release|Any CPU
		{7FB5F901-2FD7-4694-84D1-697558F6D556}.Release|Any CPU.Build.0 = Release|Any CPU
	EndGlobalSection
	GlobalSection(SolutionProperties) = preSolution
		HideSolutionNode = FALSE
	EndGlobalSection
	GlobalSection(ExtensibilityGlobals) = postSolution
		SolutionGuid = {BABF0243-AF04-482F-849B-AC8AD4115414}
	EndGlobalSection
EndGlobal
